
Microsoft Visual Studio Solution File, Format Version 12.00
# Visual Studio Version 17
VisualStudioVersion = 17.2.32630.192
MinimumVisualStudioVersion = 10.0.40219.1
Project("{FAE04EC0-301F-11D3-BF4B-00C04F79EFBC}") = "NUnitTesting", "NUnitTesting\NUnitTesting.csproj", "{DAAF944D-628B-49D7-9873-F2E96993FB98}"
EndProject
Global
	GlobalSection(SolutionConfigurationPlatforms) = preSolution
		Debug|Any CPU = Debug|Any CPU
		Release|Any CPU = Release|Any CPU
	EndGlobalSection
	GlobalSection(ProjectConfigurationPlatforms) = postSolution
		{DAAF944D-628B-49D7-9873-F2E96993FB98}.Debug|Any CPU.ActiveCfg = Debug|Any CPU
		{DAAF944D-628B-49D7-9873-F2E96993FB98}.Debug|Any CPU.Build.0 = Debug|Any CPU
		{DAAF944D-628B-49D7-9873-F2E96993FB98}.Release|Any CPU.ActiveCfg = Release|Any CPU
		{DAAF944D-628B-49D7-9873-F2E96993FB98}.Release|Any CPU.Build.0 = Release|Any CPU
	EndGlobalSection
	GlobalSection(SolutionProperties) = preSolution
		HideSolutionNode = FALSE
	EndGlobalSection
	GlobalSection(ExtensibilityGlobals) = postSolution
		SolutionGuid = {FADB6282-9523-4E7E-95E1-8E503CE02583}
	EndGlobalSection
EndGlobal
